{
  "name": "pragmatik",
  "version": "0.0.407",
  "lockfileVersion": 1,
  "requires": true,
  "dependencies": {
    "@types/async": {
      "version": "https://registry.npmjs.org/@types/async/-/async-2.0.40.tgz",
      "integrity": "sha1-rALeaOZsAEpht8sW34sds6JUzKk=",
      "dev": true
    },
    "@types/core-js": {
      "version": "https://registry.npmjs.org/@types/core-js/-/core-js-0.9.41.tgz",
      "integrity": "sha1-z+zrY8K+qin4giUsfBjg6Ucf9OI=",
      "dev": true
    },
    "@types/lodash": {
      "version": "https://registry.npmjs.org/@types/lodash/-/lodash-4.14.66.tgz",
      "integrity": "sha1-PbuDR3vs8TBhH4+sgqj9sZmAWYE=",
      "dev": true
    },
    "@types/node": {
      "version": "https://registry.npmjs.org/@types/node/-/node-7.0.31.tgz",
      "integrity": "sha1-gOpNF1WZsqABScKaEKTrLf9ZLoY=",
      "dev": true
    },
    "assert-plus": {
      "version": "https://registry.npmjs.org/assert-plus/-/assert-plus-1.0.0.tgz",
      "integrity": "sha1-8S4PPF13sLHN2RRpQuTpbB5N1SU=",
      "dev": true
    },
    "async": {
      "version": "https://registry.npmjs.org/async/-/async-2.4.1.tgz",
      "integrity": "sha1-YqVrJ5yYoR0JhwlqAcw+6463u9c=",
      "dev": true,
      "requires": {
        "lodash": "https://registry.npmjs.org/lodash/-/lodash-4.17.4.tgz"
      }
    },
    "dashdash": {
      "version": "https://registry.npmjs.org/dashdash/-/dashdash-1.14.1.tgz",
      "integrity": "sha1-hTz6D3y+L+1d4gMmuN1YEDX24vA=",
      "dev": true,
      "requires": {
        "assert-plus": "https://registry.npmjs.org/assert-plus/-/assert-plus-1.0.0.tgz"
      }
    },
    "debug": {
      "version": "2.6.8",
      "resolved": "https://registry.npmjs.org/debug/-/debug-2.6.8.tgz",
      "integrity": "sha1-5zFTHKLt4n0YgiJCfaF4IdaP9Pw=",
      "requires": {
        "ms": "https://registry.npmjs.org/ms/-/ms-2.0.0.tgz"
      }
    },
    "function-arguments": {
      "version": "https://registry.npmjs.org/function-arguments/-/function-arguments-1.0.8.tgz",
      "integrity": "sha1-uaAdrKa4lO/4w9NoQDde2WNqbA8="
    },
    "lodash": {
      "version": "https://registry.npmjs.org/lodash/-/lodash-4.17.4.tgz",
      "integrity": "sha1-eCA6TRwyiuHYbcpkYONptX9AVa4=",
      "dev": true
    },
    "lodash.flattendeep": {
      "version": "https://registry.npmjs.org/lodash.flattendeep/-/lodash.flattendeep-4.4.0.tgz",
      "integrity": "sha1-+wMJF/hqMTTlvJvsDWngAT3f7bI=",
      "dev": true
    },
    "ms": {
      "version": "https://registry.npmjs.org/ms/-/ms-2.0.0.tgz",
      "integrity": "sha1-VgiurfwAvmwpAd9fmGF4jeDVl8g="
    },
    "node-check-fast": {
      "version": "https://registry.npmjs.org/node-check-fast/-/node-check-fast-0.0.1008.tgz",
      "integrity": "sha1-c4kJ3G2fWUpEsdPc0A2nTE5KcEk=",
      "dev": true,
      "requires": {
        "async": "https://registry.npmjs.org/async/-/async-2.4.1.tgz",
        "dashdash": "https://registry.npmjs.org/dashdash/-/dashdash-1.14.1.tgz",
        "lodash.flattendeep": "https://registry.npmjs.org/lodash.flattendeep/-/lodash.flattendeep-4.4.0.tgz"
      }
    }
  }
}
